
Microsoft Visual Studio Solution File, Format Version 12.00
# Visual Studio 14
VisualStudioVersion = 14.0.25420.1
MinimumVisualStudioVersion = 10.0.40219.1
Project("{FAE04EC0-301F-11D3-BF4B-00C04F79EFBC}") = "FactoryPattern", "FactoryPattern\FactoryPattern.csproj", "{B6F92CD5-5347-4F36-96CB-2ED8B9F66C25}"
EndProject
Project("{FAE04EC0-301F-11D3-BF4B-00C04F79EFBC}") = "SingletonPattern", "SingletonPattern\SingletonPattern.csproj", "{1DC67A01-1D89-4D4B-A7E2-400B191FFB9D}"
EndProject
Project("{FAE04EC0-301F-11D3-BF4B-00C04F79EFBC}") = "BuilderPattern", "BuilderPattern\BuilderPattern.csproj", "{F24EFFF3-8FE3-49C6-90E8-252AAB8A3332}"
EndProject
Project("{FAE04EC0-301F-11D3-BF4B-00C04F79EFBC}") = "PrototypePattern", "PrototypePattern\PrototypePattern.csproj", "{F702AE63-86D1-4396-B0D6-E448903C0139}"
EndProject
Project("{FAE04EC0-301F-11D3-BF4B-00C04F79EFBC}") = "TemplateMethodPattern", "TemplateMethodPattern\TemplateMethodPattern.csproj", "{DB115CDB-2322-4155-AA43-C73AB014B132}"
EndProject
Project("{FAE04EC0-301F-11D3-BF4B-00C04F79EFBC}") = "ProxyPattern", "ProxyPattern\ProxyPattern.csproj", "{DA636B4D-244C-40A4-9B34-63CB9DC45C2F}"
EndProject
Project("{FAE04EC0-301F-11D3-BF4B-00C04F79EFBC}") = "MediatorPattern", "MediatorPattern\MediatorPattern.csproj", "{EA608B4B-5203-42F6-891D-59BEB23F3B38}"
EndProject
Project("{FAE04EC0-301F-11D3-BF4B-00C04F79EFBC}") = "CommandPattern", "CommandPattern\CommandPattern.csproj", "{D49AD28A-0DF4-4D25-8CB7-4F72371E311F}"
EndProject
Project("{FAE04EC0-301F-11D3-BF4B-00C04F79EFBC}") = "ChainOfResponsibility", "ChainofResponsibility\ChainOfResponsibility.csproj", "{E4271E2E-3478-432D-87A4-6542FD005DAD}"
EndProject
Project("{FAE04EC0-301F-11D3-BF4B-00C04F79EFBC}") = "DecoratorPattern", "DecoratorPattern\DecoratorPattern.csproj", "{AD530192-DE5C-469F-B2C0-9314CA5CA686}"
EndProject
Project("{FAE04EC0-301F-11D3-BF4B-00C04F79EFBC}") = "StrategyPattern", "StrategyPattern\StrategyPattern.csproj", "{3DF008E9-391E-4F49-ADFA-CAD0D1ABA592}"
EndProject
Project("{FAE04EC0-301F-11D3-BF4B-00C04F79EFBC}") = "AdapterPattern", "AdapterPattern\AdapterPattern.csproj", "{A0D5F127-471C-47AC-A9E0-F2BB72D2EF8F}"
EndProject
Global
	GlobalSection(SolutionConfigurationPlatforms) = preSolution
		Debug|Any CPU = Debug|Any CPU
		Release|Any CPU = Release|Any CPU
	EndGlobalSection
	GlobalSection(ProjectConfigurationPlatforms) = postSolution
		{B6F92CD5-5347-4F36-96CB-2ED8B9F66C25}.Debug|Any CPU.ActiveCfg = Debug|Any CPU
		{B6F92CD5-5347-4F36-96CB-2ED8B9F66C25}.Debug|Any CPU.Build.0 = Debug|Any CPU
		{B6F92CD5-5347-4F36-96CB-2ED8B9F66C25}.Release|Any CPU.ActiveCfg = Release|Any CPU
		{B6F92CD5-5347-4F36-96CB-2ED8B9F66C25}.Release|Any CPU.Build.0 = Release|Any CPU
		{1DC67A01-1D89-4D4B-A7E2-400B191FFB9D}.Debug|Any CPU.ActiveCfg = Debug|Any CPU
		{1DC67A01-1D89-4D4B-A7E2-400B191FFB9D}.Debug|Any CPU.Build.0 = Debug|Any CPU
		{1DC67A01-1D89-4D4B-A7E2-400B191FFB9D}.Release|Any CPU.ActiveCfg = Release|Any CPU
		{1DC67A01-1D89-4D4B-A7E2-400B191FFB9D}.Release|Any CPU.Build.0 = Release|Any CPU
		{F24EFFF3-8FE3-49C6-90E8-252AAB8A3332}.Debug|Any CPU.ActiveCfg = Debug|Any CPU
		{F24EFFF3-8FE3-49C6-90E8-252AAB8A3332}.Debug|Any CPU.Build.0 = Debug|Any CPU
		{F24EFFF3-8FE3-49C6-90E8-252AAB8A3332}.Release|Any CPU.ActiveCfg = Release|Any CPU
		{F24EFFF3-8FE3-49C6-90E8-252AAB8A3332}.Release|Any CPU.Build.0 = Release|Any CPU
		{F702AE63-86D1-4396-B0D6-E448903C0139}.Debug|Any CPU.ActiveCfg = Debug|Any CPU
		{F702AE63-86D1-4396-B0D6-E448903C0139}.Debug|Any CPU.Build.0 = Debug|Any CPU
		{F702AE63-86D1-4396-B0D6-E448903C0139}.Release|Any CPU.ActiveCfg = Release|Any CPU
		{F702AE63-86D1-4396-B0D6-E448903C0139}.Release|Any CPU.Build.0 = Release|Any CPU
		{DB115CDB-2322-4155-AA43-C73AB014B132}.Debug|Any CPU.ActiveCfg = Debug|Any CPU
		{DB115CDB-2322-4155-AA43-C73AB014B132}.Debug|Any CPU.Build.0 = Debug|Any CPU
		{DB115CDB-2322-4155-AA43-C73AB014B132}.Release|Any CPU.ActiveCfg = Release|Any CPU
		{DB115CDB-2322-4155-AA43-C73AB014B132}.Release|Any CPU.Build.0 = Release|Any CPU
		{DA636B4D-244C-40A4-9B34-63CB9DC45C2F}.Debug|Any CPU.ActiveCfg = Debug|Any CPU
		{DA636B4D-244C-40A4-9B34-63CB9DC45C2F}.Debug|Any CPU.Build.0 = Debug|Any CPU
		{DA636B4D-244C-40A4-9B34-63CB9DC45C2F}.Release|Any CPU.ActiveCfg = Release|Any CPU
		{DA636B4D-244C-40A4-9B34-63CB9DC45C2F}.Release|Any CPU.Build.0 = Release|Any CPU
		{EA608B4B-5203-42F6-891D-59BEB23F3B38}.Debug|Any CPU.ActiveCfg = Debug|Any CPU
		{EA608B4B-5203-42F6-891D-59BEB23F3B38}.Debug|Any CPU.Build.0 = Debug|Any CPU
		{EA608B4B-5203-42F6-891D-59BEB23F3B38}.Release|Any CPU.ActiveCfg = Release|Any CPU
		{EA608B4B-5203-42F6-891D-59BEB23F3B38}.Release|Any CPU.Build.0 = Release|Any CPU
		{D49AD28A-0DF4-4D25-8CB7-4F72371E311F}.Debug|Any CPU.ActiveCfg = Debug|Any CPU
		{D49AD28A-0DF4-4D25-8CB7-4F72371E311F}.Debug|Any CPU.Build.0 = Debug|Any CPU
		{D49AD28A-0DF4-4D25-8CB7-4F72371E311F}.Release|Any CPU.ActiveCfg = Release|Any CPU
		{D49AD28A-0DF4-4D25-8CB7-4F72371E311F}.Release|Any CPU.Build.0 = Release|Any CPU
		{E4271E2E-3478-432D-87A4-6542FD005DAD}.Debug|Any CPU.ActiveCfg = Debug|Any CPU
		{E4271E2E-3478-432D-87A4-6542FD005DAD}.Debug|Any CPU.Build.0 = Debug|Any CPU
		{E4271E2E-3478-432D-87A4-6542FD005DAD}.Release|Any CPU.ActiveCfg = Release|Any CPU
		{E4271E2E-3478-432D-87A4-6542FD005DAD}.Release|Any CPU.Build.0 = Release|Any CPU
		{AD530192-DE5C-469F-B2C0-9314CA5CA686}.Debug|Any CPU.ActiveCfg = Debug|Any CPU
		{AD530192-DE5C-469F-B2C0-9314CA5CA686}.Debug|Any CPU.Build.0 = Debug|Any CPU
		{AD530192-DE5C-469F-B2C0-9314CA5CA686}.Release|Any CPU.ActiveCfg = Release|Any CPU
		{AD530192-DE5C-469F-B2C0-9314CA5CA686}.Release|Any CPU.Build.0 = Release|Any CPU
	EndGlobalSection
	GlobalSection(SolutionProperties) = preSolution
		HideSolutionNode = FALSE
	EndGlobalSection
EndGlobal
